
Microsoft Visual Studio Solution File, Format Version 12.00
# Visual Studio 14
VisualStudioVersion = 14.0.25420.1
MinimumVisualStudioVersion = 10.0.40219.1
Project("{FAE04EC0-301F-11D3-BF4B-00C04F79EFBC}") = "Thrift.ClientWin", "Thrift.ClientWin\Thrift.ClientWin.csproj", "{22F4AA48-915D-4898-88B0-BAFCAE865FBB}"
EndProject
Project("{FAE04EC0-301F-11D3-BF4B-00C04F79EFBC}") = "Thrift.Client", "Thrift.Client\Thrift.Client.csproj", "{463AC6F0-64FC-4B47-BDAE-133533A606C6}"
EndProject
Project("{FAE04EC0-301F-11D3-BF4B-00C04F79EFBC}") = "ThriftTest.Test", "ThriftTest.Test\ThriftTest.Test.csproj", "{11979C17-03A5-4966-BD6D-B58338FB0684}"
EndProject
Project("{FAE04EC0-301F-11D3-BF4B-00C04F79EFBC}") = "ConsoleApplication2", "ConsoleApplication2\ConsoleApplication2.csproj", "{F8C1DB32-7BFC-4442-AC11-4FA9EF1FDB0F}"
EndProject
Project("{FAE04EC0-301F-11D3-BF4B-00C04F79EFBC}") = "ConsoleApplication3", "ConsoleApplication3\ConsoleApplication3.csproj", "{E4309985-02DA-4720-9D55-87C5932716B2}"
EndProject
Global
	GlobalSection(SolutionConfigurationPlatforms) = preSolution
		Debug|Any CPU = Debug|Any CPU
		Release|Any CPU = Release|Any CPU
	EndGlobalSection
	GlobalSection(ProjectConfigurationPlatforms) = postSolution
		{22F4AA48-915D-4898-88B0-BAFCAE865FBB}.Debug|Any CPU.ActiveCfg = Debug|Any CPU
		{22F4AA48-915D-4898-88B0-BAFCAE865FBB}.Debug|Any CPU.Build.0 = Debug|Any CPU
		{22F4AA48-915D-4898-88B0-BAFCAE865FBB}.Release|Any CPU.ActiveCfg = Release|Any CPU
		{22F4AA48-915D-4898-88B0-BAFCAE865FBB}.Release|Any CPU.Build.0 = Release|Any CPU
		{463AC6F0-64FC-4B47-BDAE-133533A606C6}.Debug|Any CPU.ActiveCfg = Debug|Any CPU
		{463AC6F0-64FC-4B47-BDAE-133533A606C6}.Debug|Any CPU.Build.0 = Debug|Any CPU
		{463AC6F0-64FC-4B47-BDAE-133533A606C6}.Release|Any CPU.ActiveCfg = Release|Any CPU
		{463AC6F0-64FC-4B47-BDAE-133533A606C6}.Release|Any CPU.Build.0 = Release|Any CPU
		{11979C17-03A5-4966-BD6D-B58338FB0684}.Debug|Any CPU.ActiveCfg = Debug|Any CPU
		{11979C17-03A5-4966-BD6D-B58338FB0684}.Debug|Any CPU.Build.0 = Debug|Any CPU
		{11979C17-03A5-4966-BD6D-B58338FB0684}.Release|Any CPU.ActiveCfg = Release|Any CPU
		{11979C17-03A5-4966-BD6D-B58338FB0684}.Release|Any CPU.Build.0 = Release|Any CPU
		{F8C1DB32-7BFC-4442-AC11-4FA9EF1FDB0F}.Debug|Any CPU.ActiveCfg = Debug|Any CPU
		{F8C1DB32-7BFC-4442-AC11-4FA9EF1FDB0F}.Debug|Any CPU.Build.0 = Debug|Any CPU
		{F8C1DB32-7BFC-4442-AC11-4FA9EF1FDB0F}.Release|Any CPU.ActiveCfg = Release|Any CPU
		{F8C1DB32-7BFC-4442-AC11-4FA9EF1FDB0F}.Release|Any CPU.Build.0 = Release|Any CPU
		{E4309985-02DA-4720-9D55-87C5932716B2}.Debug|Any CPU.ActiveCfg = Debug|Any CPU
		{E4309985-02DA-4720-9D55-87C5932716B2}.Debug|Any CPU.Build.0 = Debug|Any CPU
		{E4309985-02DA-4720-9D55-87C5932716B2}.Release|Any CPU.ActiveCfg = Release|Any CPU
		{E4309985-02DA-4720-9D55-87C5932716B2}.Release|Any CPU.Build.0 = Release|Any CPU
	EndGlobalSection
	GlobalSection(SolutionProperties) = preSolution
		HideSolutionNode = FALSE
	EndGlobalSection
EndGlobal
