
Microsoft Visual Studio Solution File, Format Version 12.00
# Visual Studio 14
VisualStudioVersion = 14.0.25420.1
MinimumVisualStudioVersion = 10.0.40219.1
Project("{FAE04EC0-301F-11D3-BF4B-00C04F79EFBC}") = "Thrift.ClientWin", "Thrift.ClientWin\Thrift.ClientWin.csproj", "{22F4AA48-915D-4898-88B0-BAFCAE865FBB}"
EndProject
Project("{FAE04EC0-301F-11D3-BF4B-00C04F79EFBC}") = "Thrift.Client", "Thrift.Client\Thrift.Client.csproj", "{463AC6F0-64FC-4B47-BDAE-133533A606C6}"
EndProject
Project("{FAE04EC0-301F-11D3-BF4B-00C04F79EFBC}") = "Thrift.TestTimer", "Thrift.TestTimer\Thrift.TestTimer.csproj", "{05AE005F-5412-4561-BC7F-4E051B8BB7CF}"
EndProject
Global
	GlobalSection(SolutionConfigurationPlatforms) = preSolution
		Debug|Any CPU = Debug|Any CPU
		Release|Any CPU = Release|Any CPU
	EndGlobalSection
	GlobalSection(ProjectConfigurationPlatforms) = postSolution
		{22F4AA48-915D-4898-88B0-BAFCAE865FBB}.Debug|Any CPU.ActiveCfg = Debug|Any CPU
		{22F4AA48-915D-4898-88B0-BAFCAE865FBB}.Debug|Any CPU.Build.0 = Debug|Any CPU
		{22F4AA48-915D-4898-88B0-BAFCAE865FBB}.Release|Any CPU.ActiveCfg = Release|Any CPU
		{22F4AA48-915D-4898-88B0-BAFCAE865FBB}.Release|Any CPU.Build.0 = Release|Any CPU
		{463AC6F0-64FC-4B47-BDAE-133533A606C6}.Debug|Any CPU.ActiveCfg = Debug|Any CPU
		{463AC6F0-64FC-4B47-BDAE-133533A606C6}.Debug|Any CPU.Build.0 = Debug|Any CPU
		{463AC6F0-64FC-4B47-BDAE-133533A606C6}.Release|Any CPU.ActiveCfg = Release|Any CPU
		{463AC6F0-64FC-4B47-BDAE-133533A606C6}.Release|Any CPU.Build.0 = Release|Any CPU
		{05AE005F-5412-4561-BC7F-4E051B8BB7CF}.Debug|Any CPU.ActiveCfg = Debug|Any CPU
		{05AE005F-5412-4561-BC7F-4E051B8BB7CF}.Debug|Any CPU.Build.0 = Debug|Any CPU
		{05AE005F-5412-4561-BC7F-4E051B8BB7CF}.Release|Any CPU.ActiveCfg = Release|Any CPU
		{05AE005F-5412-4561-BC7F-4E051B8BB7CF}.Release|Any CPU.Build.0 = Release|Any CPU
	EndGlobalSection
	GlobalSection(SolutionProperties) = preSolution
		HideSolutionNode = FALSE
	EndGlobalSection
EndGlobal
