
Microsoft Visual Studio Solution File, Format Version 12.00
# Visual Studio 14
VisualStudioVersion = 14.0.25420.1
MinimumVisualStudioVersion = 10.0.40219.1
Project("{FAE04EC0-301F-11D3-BF4B-00C04F79EFBC}") = "Thrift.Server", "Thrift.Server\Thrift.Server.csproj", "{7614E3BD-4846-456E-B8BC-B9661F5E6553}"
EndProject
Project("{FAE04EC0-301F-11D3-BF4B-00C04F79EFBC}") = "Thrift.Test", "Thrift.Test\Thrift.Test.csproj", "{80168AB7-ECB0-4DB6-AA02-6E712688CA12}"
EndProject
Project("{FAE04EC0-301F-11D3-BF4B-00C04F79EFBC}") = "Thrift.ServiceWin", "Thrift.ServiceWin\Thrift.ServiceWin.csproj", "{6406A776-363A-4868-AFF3-DC2F7C970FB6}"
EndProject
Project("{FAE04EC0-301F-11D3-BF4B-00C04F79EFBC}") = "Thrift.IDLHelp", "Thrift.IDLHelp\Thrift.IDLHelp.csproj", "{19C070EE-5E55-41A4-BFF2-B08F1B87257A}"
EndProject
Project("{FAE04EC0-301F-11D3-BF4B-00C04F79EFBC}") = "Thrift.Service", "Thrift.Service\Thrift.Service.csproj", "{64EA89B6-A3D5-4DD6-ABA1-30514273173A}"
EndProject
Project("{E24C65DC-7377-472B-9ABA-BC803B73C61A}") = "Thrift.WebSite", "Thrift.WebSite\", "{105C463E-9ACD-4E5D-A486-68A0D1070D06}"
	ProjectSection(WebsiteProperties) = preProject
		TargetFrameworkMoniker = ".NETFramework,Version%3Dv4.5.2"
		Debug.AspNetCompiler.VirtualPath = "/localhost_55197"
		Debug.AspNetCompiler.PhysicalPath = "Thrift.WebSite\"
		Debug.AspNetCompiler.TargetPath = "PrecompiledWeb\localhost_55197\"
		Debug.AspNetCompiler.Updateable = "true"
		Debug.AspNetCompiler.ForceOverwrite = "true"
		Debug.AspNetCompiler.FixedNames = "false"
		Debug.AspNetCompiler.Debug = "True"
		Release.AspNetCompiler.VirtualPath = "/localhost_55197"
		Release.AspNetCompiler.PhysicalPath = "Thrift.WebSite\"
		Release.AspNetCompiler.TargetPath = "PrecompiledWeb\localhost_55197\"
		Release.AspNetCompiler.Updateable = "true"
		Release.AspNetCompiler.ForceOverwrite = "true"
		Release.AspNetCompiler.FixedNames = "false"
		Release.AspNetCompiler.Debug = "False"
		VWDPort = "55197"
		SlnRelativePath = "Thrift.WebSite\"
		DefaultWebSiteLanguage = "Visual C#"
	EndProjectSection
EndProject
Global
	GlobalSection(SolutionConfigurationPlatforms) = preSolution
		Debug|Any CPU = Debug|Any CPU
		Release|Any CPU = Release|Any CPU
	EndGlobalSection
	GlobalSection(ProjectConfigurationPlatforms) = postSolution
		{7614E3BD-4846-456E-B8BC-B9661F5E6553}.Debug|Any CPU.ActiveCfg = Debug|Any CPU
		{7614E3BD-4846-456E-B8BC-B9661F5E6553}.Debug|Any CPU.Build.0 = Debug|Any CPU
		{7614E3BD-4846-456E-B8BC-B9661F5E6553}.Release|Any CPU.ActiveCfg = Release|Any CPU
		{7614E3BD-4846-456E-B8BC-B9661F5E6553}.Release|Any CPU.Build.0 = Release|Any CPU
		{80168AB7-ECB0-4DB6-AA02-6E712688CA12}.Debug|Any CPU.ActiveCfg = Debug|Any CPU
		{80168AB7-ECB0-4DB6-AA02-6E712688CA12}.Debug|Any CPU.Build.0 = Debug|Any CPU
		{80168AB7-ECB0-4DB6-AA02-6E712688CA12}.Release|Any CPU.ActiveCfg = Release|Any CPU
		{80168AB7-ECB0-4DB6-AA02-6E712688CA12}.Release|Any CPU.Build.0 = Release|Any CPU
		{6406A776-363A-4868-AFF3-DC2F7C970FB6}.Debug|Any CPU.ActiveCfg = Debug|Any CPU
		{6406A776-363A-4868-AFF3-DC2F7C970FB6}.Debug|Any CPU.Build.0 = Debug|Any CPU
		{6406A776-363A-4868-AFF3-DC2F7C970FB6}.Release|Any CPU.ActiveCfg = Release|Any CPU
		{6406A776-363A-4868-AFF3-DC2F7C970FB6}.Release|Any CPU.Build.0 = Release|Any CPU
		{19C070EE-5E55-41A4-BFF2-B08F1B87257A}.Debug|Any CPU.ActiveCfg = Debug|Any CPU
		{19C070EE-5E55-41A4-BFF2-B08F1B87257A}.Debug|Any CPU.Build.0 = Debug|Any CPU
		{19C070EE-5E55-41A4-BFF2-B08F1B87257A}.Release|Any CPU.ActiveCfg = Release|Any CPU
		{19C070EE-5E55-41A4-BFF2-B08F1B87257A}.Release|Any CPU.Build.0 = Release|Any CPU
		{64EA89B6-A3D5-4DD6-ABA1-30514273173A}.Debug|Any CPU.ActiveCfg = Debug|Any CPU
		{64EA89B6-A3D5-4DD6-ABA1-30514273173A}.Debug|Any CPU.Build.0 = Debug|Any CPU
		{64EA89B6-A3D5-4DD6-ABA1-30514273173A}.Release|Any CPU.ActiveCfg = Release|Any CPU
		{64EA89B6-A3D5-4DD6-ABA1-30514273173A}.Release|Any CPU.Build.0 = Release|Any CPU
		{105C463E-9ACD-4E5D-A486-68A0D1070D06}.Debug|Any CPU.ActiveCfg = Debug|Any CPU
		{105C463E-9ACD-4E5D-A486-68A0D1070D06}.Debug|Any CPU.Build.0 = Debug|Any CPU
		{105C463E-9ACD-4E5D-A486-68A0D1070D06}.Release|Any CPU.ActiveCfg = Debug|Any CPU
		{105C463E-9ACD-4E5D-A486-68A0D1070D06}.Release|Any CPU.Build.0 = Debug|Any CPU
	EndGlobalSection
	GlobalSection(SolutionProperties) = preSolution
		HideSolutionNode = FALSE
	EndGlobalSection
EndGlobal
